
Microsoft Visual Studio Solution File, Format Version 12.00
# Visual Studio Version 17
VisualStudioVersion = 17.13.35913.81
MinimumVisualStudioVersion = 10.0.40219.1
Project("{FAE04EC0-301F-11D3-BF4B-00C04F79EFBC}") = "WebAPI001", "WebAPI001.csproj", "{0E9E430E-84C6-4988-AF9B-8AAE0F77DCF4}"
EndProject
Project("{FAE04EC0-301F-11D3-BF4B-00C04F79EFBC}") = "WebAPI001-Test", "..\WebAPI001-Test\WebAPI001-Test.csproj", "{A014A794-44B4-4CE8-AB4C-55C97D9A5627}"
EndProject
Global
	GlobalSection(SolutionConfigurationPlatforms) = preSolution
		Debug|Any CPU = Debug|Any CPU
		Release|Any CPU = Release|Any CPU
	EndGlobalSection
	GlobalSection(ProjectConfigurationPlatforms) = postSolution
		{0E9E430E-84C6-4988-AF9B-8AAE0F77DCF4}.Debug|Any CPU.ActiveCfg = Debug|Any CPU
		{0E9E430E-84C6-4988-AF9B-8AAE0F77DCF4}.Debug|Any CPU.Build.0 = Debug|Any CPU
		{0E9E430E-84C6-4988-AF9B-8AAE0F77DCF4}.Release|Any CPU.ActiveCfg = Release|Any CPU
		{0E9E430E-84C6-4988-AF9B-8AAE0F77DCF4}.Release|Any CPU.Build.0 = Release|Any CPU
		{A014A794-44B4-4CE8-AB4C-55C97D9A5627}.Debug|Any CPU.ActiveCfg = Debug|Any CPU
		{A014A794-44B4-4CE8-AB4C-55C97D9A5627}.Debug|Any CPU.Build.0 = Debug|Any CPU
		{A014A794-44B4-4CE8-AB4C-55C97D9A5627}.Release|Any CPU.ActiveCfg = Release|Any CPU
		{A014A794-44B4-4CE8-AB4C-55C97D9A5627}.Release|Any CPU.Build.0 = Release|Any CPU
	EndGlobalSection
	GlobalSection(SolutionProperties) = preSolution
		HideSolutionNode = FALSE
	EndGlobalSection
	GlobalSection(ExtensibilityGlobals) = postSolution
		SolutionGuid = {AAC96E1A-4527-41C1-9BD5-6DB56F516305}
	EndGlobalSection
EndGlobal
